
Microsoft Visual Studio Solution File, Format Version 12.00
# Visual Studio 15
VisualStudioVersion = 15.0.27130.2036
MinimumVisualStudioVersion = 10.0.40219.1
Project("{FAE04EC0-301F-11D3-BF4B-00C04F79EFBC}") = "ArrayExtensions", "ArrayExtensions\ArrayExtensions.csproj", "{A2C49470-9EC7-4DEC-9F34-32E0FE6837CD}"
EndProject
Project("{FAE04EC0-301F-11D3-BF4B-00C04F79EFBC}") = "ArrayExtensionTests", "ArrayExtensionTests\ArrayExtensionTests.csproj", "{08F8A3A0-88BD-49DC-9677-6C87E81A5010}"
EndProject
Global
	GlobalSection(SolutionConfigurationPlatforms) = preSolution
		Debug|Any CPU = Debug|Any CPU
		Release|Any CPU = Release|Any CPU
	EndGlobalSection
	GlobalSection(ProjectConfigurationPlatforms) = postSolution
		{A2C49470-9EC7-4DEC-9F34-32E0FE6837CD}.Debug|Any CPU.ActiveCfg = Debug|Any CPU
		{A2C49470-9EC7-4DEC-9F34-32E0FE6837CD}.Debug|Any CPU.Build.0 = Debug|Any CPU
		{A2C49470-9EC7-4DEC-9F34-32E0FE6837CD}.Release|Any CPU.ActiveCfg = Release|Any CPU
		{A2C49470-9EC7-4DEC-9F34-32E0FE6837CD}.Release|Any CPU.Build.0 = Release|Any CPU
		{08F8A3A0-88BD-49DC-9677-6C87E81A5010}.Debug|Any CPU.ActiveCfg = Debug|Any CPU
		{08F8A3A0-88BD-49DC-9677-6C87E81A5010}.Debug|Any CPU.Build.0 = Debug|Any CPU
		{08F8A3A0-88BD-49DC-9677-6C87E81A5010}.Release|Any CPU.ActiveCfg = Release|Any CPU
		{08F8A3A0-88BD-49DC-9677-6C87E81A5010}.Release|Any CPU.Build.0 = Release|Any CPU
	EndGlobalSection
	GlobalSection(SolutionProperties) = preSolution
		HideSolutionNode = FALSE
	EndGlobalSection
	GlobalSection(ExtensibilityGlobals) = postSolution
		SolutionGuid = {C4E1F5F9-E783-4CF8-AFA7-105BF14EB68C}
	EndGlobalSection
EndGlobal
