
Microsoft Visual Studio Solution File, Format Version 12.00
# Visual Studio 15
VisualStudioVersion = 15.0.27703.2035
MinimumVisualStudioVersion = 10.0.40219.1
Project("{FAE04EC0-301F-11D3-BF4B-00C04F79EFBC}") = "QuickSort", "QuickSort\QuickSort.csproj", "{B7A732CF-A521-488B-91F3-95A7D1ADFDD4}"
EndProject
Project("{FAE04EC0-301F-11D3-BF4B-00C04F79EFBC}") = "MergeSort", "MergeSort\MergeSort.csproj", "{F5D074D3-9FFE-407E-9CB1-6F8F8768A03B}"
EndProject
Project("{FAE04EC0-301F-11D3-BF4B-00C04F79EFBC}") = "UnitTestForMergeAndQuickSort", "UnitTestMergeSort\UnitTestForMergeAndQuickSort.csproj", "{18EED464-7A6F-4AB1-BBCF-F0FB3BDF72B4}"
EndProject
Global
	GlobalSection(SolutionConfigurationPlatforms) = preSolution
		Debug|Any CPU = Debug|Any CPU
		Release|Any CPU = Release|Any CPU
	EndGlobalSection
	GlobalSection(ProjectConfigurationPlatforms) = postSolution
		{B7A732CF-A521-488B-91F3-95A7D1ADFDD4}.Debug|Any CPU.ActiveCfg = Debug|Any CPU
		{B7A732CF-A521-488B-91F3-95A7D1ADFDD4}.Debug|Any CPU.Build.0 = Debug|Any CPU
		{B7A732CF-A521-488B-91F3-95A7D1ADFDD4}.Release|Any CPU.ActiveCfg = Release|Any CPU
		{B7A732CF-A521-488B-91F3-95A7D1ADFDD4}.Release|Any CPU.Build.0 = Release|Any CPU
		{F5D074D3-9FFE-407E-9CB1-6F8F8768A03B}.Debug|Any CPU.ActiveCfg = Debug|Any CPU
		{F5D074D3-9FFE-407E-9CB1-6F8F8768A03B}.Debug|Any CPU.Build.0 = Debug|Any CPU
		{F5D074D3-9FFE-407E-9CB1-6F8F8768A03B}.Release|Any CPU.ActiveCfg = Release|Any CPU
		{F5D074D3-9FFE-407E-9CB1-6F8F8768A03B}.Release|Any CPU.Build.0 = Release|Any CPU
		{18EED464-7A6F-4AB1-BBCF-F0FB3BDF72B4}.Debug|Any CPU.ActiveCfg = Debug|Any CPU
		{18EED464-7A6F-4AB1-BBCF-F0FB3BDF72B4}.Debug|Any CPU.Build.0 = Debug|Any CPU
		{18EED464-7A6F-4AB1-BBCF-F0FB3BDF72B4}.Release|Any CPU.ActiveCfg = Release|Any CPU
		{18EED464-7A6F-4AB1-BBCF-F0FB3BDF72B4}.Release|Any CPU.Build.0 = Release|Any CPU
	EndGlobalSection
	GlobalSection(SolutionProperties) = preSolution
		HideSolutionNode = FALSE
	EndGlobalSection
	GlobalSection(ExtensibilityGlobals) = postSolution
		SolutionGuid = {CE6002E3-3FFF-49B3-A434-B76BC9E972FB}
	EndGlobalSection
EndGlobal
